
Microsoft Visual Studio Solution File, Format Version 12.00
# Visual Studio 15
VisualStudioVersion = 15.0.28010.2046
MinimumVisualStudioVersion = 10.0.40219.1
Project("{FAE04EC0-301F-11D3-BF4B-00C04F79EFBC}") = "AptTenantApp", "AptTenantApp\AptTenantApp.csproj", "{35D7E83B-1417-4903-9ABD-4FF1A367B779}"
EndProject
Global
	GlobalSection(SolutionConfigurationPlatforms) = preSolution
		Debug|Any CPU = Debug|Any CPU
		Release|Any CPU = Release|Any CPU
	EndGlobalSection
	GlobalSection(ProjectConfigurationPlatforms) = postSolution
		{35D7E83B-1417-4903-9ABD-4FF1A367B779}.Debug|Any CPU.ActiveCfg = Debug|Any CPU
		{35D7E83B-1417-4903-9ABD-4FF1A367B779}.Debug|Any CPU.Build.0 = Debug|Any CPU
		{35D7E83B-1417-4903-9ABD-4FF1A367B779}.Release|Any CPU.ActiveCfg = Release|Any CPU
		{35D7E83B-1417-4903-9ABD-4FF1A367B779}.Release|Any CPU.Build.0 = Release|Any CPU
	EndGlobalSection
	GlobalSection(SolutionProperties) = preSolution
		HideSolutionNode = FALSE
	EndGlobalSection
	GlobalSection(ExtensibilityGlobals) = postSolution
		SolutionGuid = {BB7F2F4F-1D2F-4887-B726-7CEC32B7C69D}
	EndGlobalSection
EndGlobal
